
Microsoft Visual Studio Solution File, Format Version 12.00
# Visual Studio Version 17
VisualStudioVersion = 17.8.34316.72
MinimumVisualStudioVersion = 10.0.40219.1
Project("{9A19103F-16F7-4668-BE54-9A1E7A4F7556}") = "01. Reverse a String", "..\01. Reverse a String\01. Reverse a String.csproj", "{CA937EBD-FF0A-4638-8BF9-E3960F22771D}"
EndProject
Project("{FAE04EC0-301F-11D3-BF4B-00C04F79EFBC}") = "02. Stack Sum", "02. Stack Sum\02. Stack Sum.csproj", "{B8FBFFE4-4550-4F8D-B435-DFF8867AAD04}"
EndProject
Project("{FAE04EC0-301F-11D3-BF4B-00C04F79EFBC}") = "03. Simple Calculator", "03. Simple Calculator\03. Simple Calculator.csproj", "{C9C05D8F-6046-41CE-BF2C-D5F5E02203B1}"
EndProject
Global
	GlobalSection(SolutionConfigurationPlatforms) = preSolution
		Debug|Any CPU = Debug|Any CPU
		Release|Any CPU = Release|Any CPU
	EndGlobalSection
	GlobalSection(ProjectConfigurationPlatforms) = postSolution
		{CA937EBD-FF0A-4638-8BF9-E3960F22771D}.Debug|Any CPU.ActiveCfg = Debug|Any CPU
		{CA937EBD-FF0A-4638-8BF9-E3960F22771D}.Debug|Any CPU.Build.0 = Debug|Any CPU
		{CA937EBD-FF0A-4638-8BF9-E3960F22771D}.Release|Any CPU.ActiveCfg = Release|Any CPU
		{CA937EBD-FF0A-4638-8BF9-E3960F22771D}.Release|Any CPU.Build.0 = Release|Any CPU
		{B8FBFFE4-4550-4F8D-B435-DFF8867AAD04}.Debug|Any CPU.ActiveCfg = Debug|Any CPU
		{B8FBFFE4-4550-4F8D-B435-DFF8867AAD04}.Debug|Any CPU.Build.0 = Debug|Any CPU
		{B8FBFFE4-4550-4F8D-B435-DFF8867AAD04}.Release|Any CPU.ActiveCfg = Release|Any CPU
		{B8FBFFE4-4550-4F8D-B435-DFF8867AAD04}.Release|Any CPU.Build.0 = Release|Any CPU
		{C9C05D8F-6046-41CE-BF2C-D5F5E02203B1}.Debug|Any CPU.ActiveCfg = Debug|Any CPU
		{C9C05D8F-6046-41CE-BF2C-D5F5E02203B1}.Debug|Any CPU.Build.0 = Debug|Any CPU
		{C9C05D8F-6046-41CE-BF2C-D5F5E02203B1}.Release|Any CPU.ActiveCfg = Release|Any CPU
		{C9C05D8F-6046-41CE-BF2C-D5F5E02203B1}.Release|Any CPU.Build.0 = Release|Any CPU
	EndGlobalSection
	GlobalSection(SolutionProperties) = preSolution
		HideSolutionNode = FALSE
	EndGlobalSection
	GlobalSection(ExtensibilityGlobals) = postSolution
		SolutionGuid = {BD52616D-BA0A-46DF-AFE7-C7E221DA9DB0}
	EndGlobalSection
EndGlobal
