
Microsoft Visual Studio Solution File, Format Version 12.00
# Visual Studio Version 17
VisualStudioVersion = 17.8.34316.72
MinimumVisualStudioVersion = 10.0.40219.1
Project("{FAE04EC0-301F-11D3-BF4B-00C04F79EFBC}") = "01. Basic Stack Operations", "..\01. Stacks and Queues\02. Stacks and Queues - Exercise\01. Basic Stack Operations\01. Basic Stack Operations.csproj", "{1B048EEF-28FB-401F-A3D8-5BB4F927AD6A}"
EndProject
Project("{FAE04EC0-301F-11D3-BF4B-00C04F79EFBC}") = "02. Basic Queue Operations", "..\01. Stacks and Queues\02. Stacks and Queues - Exercise\02. Basic Queue Operations\02. Basic Queue Operations.csproj", "{3A2AE52E-54AA-4EC5-B232-03B706B1D2FA}"
EndProject
Project("{FAE04EC0-301F-11D3-BF4B-00C04F79EFBC}") = "03. Maximum and Minimum Element", "..\01. Stacks and Queues\02. Stacks and Queues - Exercise\03. Maximum and Minimum Element\03. Maximum and Minimum Element.csproj", "{27794664-4760-4C26-9976-BF79BC24BA8D}"
EndProject
Project("{FAE04EC0-301F-11D3-BF4B-00C04F79EFBC}") = "04. Fast Food", "..\01. Stacks and Queues\02. Stacks and Queues - Exercise\04. Fast Food\04. Fast Food.csproj", "{CE8F9988-A35E-4AF6-8FBA-B46C447956B1}"
EndProject
Project("{FAE04EC0-301F-11D3-BF4B-00C04F79EFBC}") = "05. Fashion Boutique", "..\01. Stacks and Queues\02. Stacks and Queues - Exercise\05. Fashion Boutique\05. Fashion Boutique.csproj", "{ED8604F5-9165-4845-A4BB-E30661E3E3C8}"
EndProject
Project("{FAE04EC0-301F-11D3-BF4B-00C04F79EFBC}") = "06. Songs Queue", "..\01. Stacks and Queues\02. Stacks and Queues - Exercise\06. Songs Queue\06. Songs Queue.csproj", "{C85F8DF1-D959-4EA2-B88A-EDEF56B04EDE}"
EndProject
Project("{FAE04EC0-301F-11D3-BF4B-00C04F79EFBC}") = "07. Truck Tour", "..\01. Stacks and Queues\02. Stacks and Queues - Exercise\07. Truck Tour\07. Truck Tour.csproj", "{F6D8B97C-24C5-4DE9-95A7-59C76A57C35B}"
EndProject
Project("{FAE04EC0-301F-11D3-BF4B-00C04F79EFBC}") = "08. Balanced Parenthesis", "..\01. Stacks and Queues\02. Stacks and Queues - Exercise\08. Balanced Parenthesis\08. Balanced Parenthesis.csproj", "{B2F130BB-1191-4BB6-964B-3634F6C3A534}"
EndProject
Project("{FAE04EC0-301F-11D3-BF4B-00C04F79EFBC}") = "09. Simple Text Editor", "..\01. Stacks and Queues\02. Stacks and Queues - Exercise\09. Simple Text Editor\09. Simple Text Editor.csproj", "{81002AC8-48EA-4726-9FD5-B5D011ACF43A}"
EndProject
Global
	GlobalSection(SolutionConfigurationPlatforms) = preSolution
		Debug|Any CPU = Debug|Any CPU
		Release|Any CPU = Release|Any CPU
	EndGlobalSection
	GlobalSection(ProjectConfigurationPlatforms) = postSolution
		{1B048EEF-28FB-401F-A3D8-5BB4F927AD6A}.Debug|Any CPU.ActiveCfg = Debug|Any CPU
		{1B048EEF-28FB-401F-A3D8-5BB4F927AD6A}.Debug|Any CPU.Build.0 = Debug|Any CPU
		{1B048EEF-28FB-401F-A3D8-5BB4F927AD6A}.Release|Any CPU.ActiveCfg = Release|Any CPU
		{1B048EEF-28FB-401F-A3D8-5BB4F927AD6A}.Release|Any CPU.Build.0 = Release|Any CPU
		{3A2AE52E-54AA-4EC5-B232-03B706B1D2FA}.Debug|Any CPU.ActiveCfg = Debug|Any CPU
		{3A2AE52E-54AA-4EC5-B232-03B706B1D2FA}.Debug|Any CPU.Build.0 = Debug|Any CPU
		{3A2AE52E-54AA-4EC5-B232-03B706B1D2FA}.Release|Any CPU.ActiveCfg = Release|Any CPU
		{3A2AE52E-54AA-4EC5-B232-03B706B1D2FA}.Release|Any CPU.Build.0 = Release|Any CPU
		{27794664-4760-4C26-9976-BF79BC24BA8D}.Debug|Any CPU.ActiveCfg = Debug|Any CPU
		{27794664-4760-4C26-9976-BF79BC24BA8D}.Debug|Any CPU.Build.0 = Debug|Any CPU
		{27794664-4760-4C26-9976-BF79BC24BA8D}.Release|Any CPU.ActiveCfg = Release|Any CPU
		{27794664-4760-4C26-9976-BF79BC24BA8D}.Release|Any CPU.Build.0 = Release|Any CPU
		{CE8F9988-A35E-4AF6-8FBA-B46C447956B1}.Debug|Any CPU.ActiveCfg = Debug|Any CPU
		{CE8F9988-A35E-4AF6-8FBA-B46C447956B1}.Debug|Any CPU.Build.0 = Debug|Any CPU
		{CE8F9988-A35E-4AF6-8FBA-B46C447956B1}.Release|Any CPU.ActiveCfg = Release|Any CPU
		{CE8F9988-A35E-4AF6-8FBA-B46C447956B1}.Release|Any CPU.Build.0 = Release|Any CPU
		{ED8604F5-9165-4845-A4BB-E30661E3E3C8}.Debug|Any CPU.ActiveCfg = Debug|Any CPU
		{ED8604F5-9165-4845-A4BB-E30661E3E3C8}.Debug|Any CPU.Build.0 = Debug|Any CPU
		{ED8604F5-9165-4845-A4BB-E30661E3E3C8}.Release|Any CPU.ActiveCfg = Release|Any CPU
		{ED8604F5-9165-4845-A4BB-E30661E3E3C8}.Release|Any CPU.Build.0 = Release|Any CPU
		{C85F8DF1-D959-4EA2-B88A-EDEF56B04EDE}.Debug|Any CPU.ActiveCfg = Debug|Any CPU
		{C85F8DF1-D959-4EA2-B88A-EDEF56B04EDE}.Debug|Any CPU.Build.0 = Debug|Any CPU
		{C85F8DF1-D959-4EA2-B88A-EDEF56B04EDE}.Release|Any CPU.ActiveCfg = Release|Any CPU
		{C85F8DF1-D959-4EA2-B88A-EDEF56B04EDE}.Release|Any CPU.Build.0 = Release|Any CPU
		{F6D8B97C-24C5-4DE9-95A7-59C76A57C35B}.Debug|Any CPU.ActiveCfg = Debug|Any CPU
		{F6D8B97C-24C5-4DE9-95A7-59C76A57C35B}.Debug|Any CPU.Build.0 = Debug|Any CPU
		{F6D8B97C-24C5-4DE9-95A7-59C76A57C35B}.Release|Any CPU.ActiveCfg = Release|Any CPU
		{F6D8B97C-24C5-4DE9-95A7-59C76A57C35B}.Release|Any CPU.Build.0 = Release|Any CPU
		{B2F130BB-1191-4BB6-964B-3634F6C3A534}.Debug|Any CPU.ActiveCfg = Debug|Any CPU
		{B2F130BB-1191-4BB6-964B-3634F6C3A534}.Debug|Any CPU.Build.0 = Debug|Any CPU
		{B2F130BB-1191-4BB6-964B-3634F6C3A534}.Release|Any CPU.ActiveCfg = Release|Any CPU
		{B2F130BB-1191-4BB6-964B-3634F6C3A534}.Release|Any CPU.Build.0 = Release|Any CPU
		{81002AC8-48EA-4726-9FD5-B5D011ACF43A}.Debug|Any CPU.ActiveCfg = Debug|Any CPU
		{81002AC8-48EA-4726-9FD5-B5D011ACF43A}.Debug|Any CPU.Build.0 = Debug|Any CPU
		{81002AC8-48EA-4726-9FD5-B5D011ACF43A}.Release|Any CPU.ActiveCfg = Release|Any CPU
		{81002AC8-48EA-4726-9FD5-B5D011ACF43A}.Release|Any CPU.Build.0 = Release|Any CPU
	EndGlobalSection
	GlobalSection(SolutionProperties) = preSolution
		HideSolutionNode = FALSE
	EndGlobalSection
	GlobalSection(ExtensibilityGlobals) = postSolution
		SolutionGuid = {2E46D805-615E-4167-A940-C1828AAFA70D}
	EndGlobalSection
EndGlobal
