
Microsoft Visual Studio Solution File, Format Version 12.00
# Visual Studio Version 17
VisualStudioVersion = 17.8.34316.72
MinimumVisualStudioVersion = 10.0.40219.1
Project("{9A19103F-16F7-4668-BE54-9A1E7A4F7556}") = "01. Basic Stack Operations", "..\01. Stacks and Queues\02. Stacks and Queues - Exercise\01. Basic Stack Operations\01. Basic Stack Operations.csproj", "{1B048EEF-28FB-401F-A3D8-5BB4F927AD6A}"
EndProject
Project("{9A19103F-16F7-4668-BE54-9A1E7A4F7556}") = "02. Basic Queue Operations", "..\01. Stacks and Queues\02. Stacks and Queues - Exercise\02. Basic Queue Operations\02. Basic Queue Operations.csproj", "{3A2AE52E-54AA-4EC5-B232-03B706B1D2FA}"
EndProject
Project("{9A19103F-16F7-4668-BE54-9A1E7A4F7556}") = "03. Maximum and Minimum Element", "..\01. Stacks and Queues\02. Stacks and Queues - Exercise\03. Maximum and Minimum Element\03. Maximum and Minimum Element.csproj", "{27794664-4760-4C26-9976-BF79BC24BA8D}"
EndProject
Project("{9A19103F-16F7-4668-BE54-9A1E7A4F7556}") = "04. Fast Food", "..\01. Stacks and Queues\02. Stacks and Queues - Exercise\04. Fast Food\04. Fast Food.csproj", "{CE8F9988-A35E-4AF6-8FBA-B46C447956B1}"
EndProject
Project("{9A19103F-16F7-4668-BE54-9A1E7A4F7556}") = "05. Fashion Boutique", "..\01. Stacks and Queues\02. Stacks and Queues - Exercise\05. Fashion Boutique\05. Fashion Boutique.csproj", "{ED8604F5-9165-4845-A4BB-E30661E3E3C8}"
EndProject
Project("{9A19103F-16F7-4668-BE54-9A1E7A4F7556}") = "06. Songs Queue", "..\01. Stacks and Queues\02. Stacks and Queues - Exercise\06. Songs Queue\06. Songs Queue.csproj", "{C85F8DF1-D959-4EA2-B88A-EDEF56B04EDE}"
EndProject
Project("{9A19103F-16F7-4668-BE54-9A1E7A4F7556}") = "07. Truck Tour", "..\01. Stacks and Queues\02. Stacks and Queues - Exercise\07. Truck Tour\07. Truck Tour.csproj", "{F6D8B97C-24C5-4DE9-95A7-59C76A57C35B}"
EndProject
Project("{9A19103F-16F7-4668-BE54-9A1E7A4F7556}") = "08. Balanced Parenthesis", "..\01. Stacks and Queues\02. Stacks and Queues - Exercise\08. Balanced Parenthesis\08. Balanced Parenthesis.csproj", "{B2F130BB-1191-4BB6-964B-3634F6C3A534}"
EndProject
Project("{9A19103F-16F7-4668-BE54-9A1E7A4F7556}") = "09. Simple Text Editor", "..\01. Stacks and Queues\02. Stacks and Queues - Exercise\09. Simple Text Editor\09. Simple Text Editor.csproj", "{81002AC8-48EA-4726-9FD5-B5D011ACF43A}"
EndProject
Project("{9A19103F-16F7-4668-BE54-9A1E7A4F7556}") = "01. Sum Matrix Elements", "..\02. Multidimensional Arrays\01. Multidimensional Arrays - Lab\01. Sum Matrix Elements\01. Sum Matrix Elements.csproj", "{932A55FF-A3E1-478C-A78E-A0879B4553D4}"
EndProject
Project("{2150E333-8FDC-42A3-9474-1A3956D46DE8}") = "Stacks and Queues - Exercise", "Stacks and Queues - Exercise", "{75677B62-B667-46C9-BAA6-95D2DDAC6201}"
EndProject
Project("{9A19103F-16F7-4668-BE54-9A1E7A4F7556}") = "02. Sum Matrix Columns", "..\02. Multidimensional Arrays\01. Multidimensional Arrays - Lab\02. Sum Matrix Columns\02. Sum Matrix Columns.csproj", "{9CEBA63D-C79A-4B00-9667-5E1EEDAD6F25}"
EndProject
Project("{9A19103F-16F7-4668-BE54-9A1E7A4F7556}") = "03. Primary Diagonal", "..\02. Multidimensional Arrays\01. Multidimensional Arrays - Lab\03. Primary Diagonal\03. Primary Diagonal.csproj", "{84A9CEEB-5BC9-4876-8F05-C06CA5E4BCC6}"
EndProject
Project("{9A19103F-16F7-4668-BE54-9A1E7A4F7556}") = "04. Symbol in Matrix", "..\02. Multidimensional Arrays\01. Multidimensional Arrays - Lab\04. Symbol in Matrix\04. Symbol in Matrix.csproj", "{BA309C91-8823-4046-8764-DD806F2C6DE9}"
EndProject
Project("{9A19103F-16F7-4668-BE54-9A1E7A4F7556}") = "05. Square With Maximum Sum", "..\02. Multidimensional Arrays\01. Multidimensional Arrays - Lab\05. Square With Maximum Sum\05. Square With Maximum Sum.csproj", "{16B5210E-B9A6-4806-ADED-ED9E9ECCC2DE}"
EndProject
Project("{9A19103F-16F7-4668-BE54-9A1E7A4F7556}") = "06. Jagged-Array Modification", "..\02. Multidimensional Arrays\01. Multidimensional Arrays - Lab\06. Jagged-Array Modification\06. Jagged-Array Modification.csproj", "{3C5C1F0D-CD0D-4632-91C7-14E381532F89}"
EndProject
Project("{9A19103F-16F7-4668-BE54-9A1E7A4F7556}") = "07. Pascal Triangle", "..\02. Multidimensional Arrays\01. Multidimensional Arrays - Lab\07. Pascal Triangle\07. Pascal Triangle.csproj", "{B56E3A0E-4B74-477E-82F3-F943EDC55453}"
EndProject
Project("{9A19103F-16F7-4668-BE54-9A1E7A4F7556}") = "01. Diagonal Difference", "..\02. Multidimensional Arrays\02. Multidimensional Arrays - Exercise\01. Diagonal Difference\01. Diagonal Difference.csproj", "{11267E83-D166-444D-A65B-D0263695928A}"
EndProject
Project("{9A19103F-16F7-4668-BE54-9A1E7A4F7556}") = "02. Squares in Matrix", "..\02. Multidimensional Arrays\02. Multidimensional Arrays - Exercise\02. Squares in Matrix\02. Squares in Matrix.csproj", "{EF8AA0BC-2F9B-4030-8EBD-4CF83BCA9163}"
EndProject
Project("{9A19103F-16F7-4668-BE54-9A1E7A4F7556}") = "03. Maximal Sum", "..\02. Multidimensional Arrays\02. Multidimensional Arrays - Exercise\03. Maximal Sum\03. Maximal Sum.csproj", "{1493B586-8D97-40C0-8089-E323CAE1E713}"
EndProject
Project("{9A19103F-16F7-4668-BE54-9A1E7A4F7556}") = "04. Matrix Shuffling", "..\02. Multidimensional Arrays\02. Multidimensional Arrays - Exercise\04. Matrix Shuffling\04. Matrix Shuffling.csproj", "{A5A61DED-5ED8-4903-A916-D3B94DAF8774}"
EndProject
Project("{9A19103F-16F7-4668-BE54-9A1E7A4F7556}") = "05. Snake Moves", "..\02. Multidimensional Arrays\02. Multidimensional Arrays - Exercise\05. Snake Moves\05. Snake Moves.csproj", "{19CE5565-5C85-468E-B7E1-0969A97F42E7}"
EndProject
Project("{9A19103F-16F7-4668-BE54-9A1E7A4F7556}") = "06. Jagged Array Manipulator", "..\02. Multidimensional Arrays\02. Multidimensional Arrays - Exercise\06. Jagged Array Manipulator\06. Jagged Array Manipulator.csproj", "{10E48BEB-FD37-4555-9E36-8F14BF8E6296}"
EndProject
Project("{9A19103F-16F7-4668-BE54-9A1E7A4F7556}") = "07. Knight Game", "..\02. Multidimensional Arrays\02. Multidimensional Arrays - Exercise\07. Knight Game\07. Knight Game.csproj", "{FA9AF4E9-DDE7-4370-9836-E9A423F09935}"
EndProject
Project("{9A19103F-16F7-4668-BE54-9A1E7A4F7556}") = "01. Count Same Values in Array", "..\03. Sets and Dictionaries Advanced\01. Sets and Dictionaries Advanced - Lab\01. Count Same Values in Array\01. Count Same Values in Array.csproj", "{85799D85-DFA6-484D-BC33-803EEA153AC9}"
EndProject
Project("{9A19103F-16F7-4668-BE54-9A1E7A4F7556}") = "02. Average Student Grades", "..\03. Sets and Dictionaries Advanced\01. Sets and Dictionaries Advanced - Lab\02. Average Student Grades\02. Average Student Grades.csproj", "{526B4AC2-24D4-4FB1-A835-AB54710C9362}"
EndProject
Project("{9A19103F-16F7-4668-BE54-9A1E7A4F7556}") = "03. Largest 3 Numbers", "..\03. Sets and Dictionaries Advanced\01. Sets and Dictionaries Advanced - Lab\03. Largest 3 Numbers\03. Largest 3 Numbers.csproj", "{52FF4262-D78E-4B80-B2CB-AA9B654C5DB8}"
EndProject
Project("{9A19103F-16F7-4668-BE54-9A1E7A4F7556}") = "04. Product Shop", "..\03. Sets and Dictionaries Advanced\01. Sets and Dictionaries Advanced - Lab\04. Product Shop\04. Product Shop.csproj", "{C5408608-5C0D-4948-92C8-461E33E40382}"
EndProject
Project("{9A19103F-16F7-4668-BE54-9A1E7A4F7556}") = "06. Record Unique Names", "..\03. Sets and Dictionaries Advanced\01. Sets and Dictionaries Advanced - Lab\06. Record Unique Names\06. Record Unique Names.csproj", "{A1224D32-510B-4902-8295-E4A43452B653}"
EndProject
Project("{9A19103F-16F7-4668-BE54-9A1E7A4F7556}") = "07. Parking Lot", "..\03. Sets and Dictionaries Advanced\01. Sets and Dictionaries Advanced - Lab\07. Parking Lot\07. Parking Lot.csproj", "{E812D1FC-EC59-4E84-8B6F-E85FD0E93058}"
EndProject
Project("{9A19103F-16F7-4668-BE54-9A1E7A4F7556}") = "08. SoftUni Party", "..\03. Sets and Dictionaries Advanced\01. Sets and Dictionaries Advanced - Lab\08. SoftUni Party\08. SoftUni Party.csproj", "{6324DF45-AD19-46FB-B68F-5E63237BFD04}"
EndProject
Project("{9A19103F-16F7-4668-BE54-9A1E7A4F7556}") = "01. Unique Usernames", "..\03. Sets and Dictionaries Advanced\02. Sets and Dictionaries Advanced - Exercise\01. Unique Usernames\01. Unique Usernames.csproj", "{1F1DC2E0-F42B-4F05-AAD0-A34CABBA5329}"
EndProject
Project("{9A19103F-16F7-4668-BE54-9A1E7A4F7556}") = "02. Sets of Elements", "..\03. Sets and Dictionaries Advanced\02. Sets and Dictionaries Advanced - Exercise\02. Sets of Elements\02. Sets of Elements.csproj", "{E54A724A-BFA6-4C69-A82A-13D58CBEF155}"
EndProject
Project("{9A19103F-16F7-4668-BE54-9A1E7A4F7556}") = "03. Periodic Table", "..\03. Sets and Dictionaries Advanced\02. Sets and Dictionaries Advanced - Exercise\03. Periodic Table\03. Periodic Table.csproj", "{5ED89212-4903-4BC8-AFF7-031BF42C0562}"
EndProject
Project("{9A19103F-16F7-4668-BE54-9A1E7A4F7556}") = "04. Even Times", "..\03. Sets and Dictionaries Advanced\02. Sets and Dictionaries Advanced - Exercise\04. Even Times\04. Even Times.csproj", "{B76D4C71-8977-4282-9F9A-C5CF50B4DD31}"
EndProject
Project("{9A19103F-16F7-4668-BE54-9A1E7A4F7556}") = "05. Count Symbols", "..\03. Sets and Dictionaries Advanced\02. Sets and Dictionaries Advanced - Exercise\05. Count Symbols\05. Count Symbols.csproj", "{CDA8203D-E890-4DE8-AE58-8638F751BFEA}"
EndProject
Project("{9A19103F-16F7-4668-BE54-9A1E7A4F7556}") = "06. Wardrobe", "..\03. Sets and Dictionaries Advanced\02. Sets and Dictionaries Advanced - Exercise\06. Wardrobe\06. Wardrobe.csproj", "{7C35C58C-A407-4996-AA69-83941DBCA20B}"
EndProject
Project("{9A19103F-16F7-4668-BE54-9A1E7A4F7556}") = "05. City by Continent and Country", "..\03. Sets and Dictionaries Advanced\01. Sets and Dictionaries Advanced - Lab\05. City by Continent and Country\05. City by Continent and Country.csproj", "{AEAECEF8-083C-4C68-B71A-24911CE1093C}"
EndProject
Project("{9A19103F-16F7-4668-BE54-9A1E7A4F7556}") = "01. Odd Lines", "..\04. Streams, Files and Directories\01. Streams, Files and Directories - Lab\01. Odd Lines\01. Odd Lines.csproj", "{3777C82D-A2FD-46A5-9AC4-AE7EA5ABD456}"
EndProject
Project("{9A19103F-16F7-4668-BE54-9A1E7A4F7556}") = "02. Line Numbers", "..\04. Streams, Files and Directories\01. Streams, Files and Directories - Lab\02. Line Numbers\02. Line Numbers.csproj", "{9D54AA70-062B-4D56-8917-2E9DC5BF05B0}"
EndProject
Project("{9A19103F-16F7-4668-BE54-9A1E7A4F7556}") = "03. Word Count", "..\04. Streams, Files and Directories\01. Streams, Files and Directories - Lab\03. Word Count\03. Word Count.csproj", "{C3E4B95E-E43D-41CE-82A9-2AF5403FDA88}"
EndProject
Project("{9A19103F-16F7-4668-BE54-9A1E7A4F7556}") = "04. Merge Text Files", "..\04. Streams, Files and Directories\01. Streams, Files and Directories - Lab\04. Merge Text Files\04. Merge Text Files.csproj", "{F8D090EF-EEC4-4BC4-B6D6-63CE29BF92A5}"
EndProject
Project("{9A19103F-16F7-4668-BE54-9A1E7A4F7556}") = "05. Extract Special Bytes", "..\04. Streams, Files and Directories\01. Streams, Files and Directories - Lab\05. Extract Special Bytes\05. Extract Special Bytes.csproj", "{99FB7732-87BA-4B44-8E8E-4FCD192FE499}"
EndProject
Project("{9A19103F-16F7-4668-BE54-9A1E7A4F7556}") = "06. Split, Merge Binary Files", "..\04. Streams, Files and Directories\01. Streams, Files and Directories - Lab\06. Split, Merge Binary Files\06. Split, Merge Binary Files.csproj", "{1A615E1B-719E-469F-AA11-6367D8C758C4}"
EndProject
Project("{9A19103F-16F7-4668-BE54-9A1E7A4F7556}") = "07. Folder Size", "..\04. Streams, Files and Directories\01. Streams, Files and Directories - Lab\07. Folder Size\07. Folder Size.csproj", "{46793520-5F05-458C-8155-1520AA7B1FEB}"
EndProject
Project("{9A19103F-16F7-4668-BE54-9A1E7A4F7556}") = "01. Even Lines", "..\04. Streams, Files and Directories\02. Streams, Files and Directories - Exercise\01. Even Lines\01. Even Lines.csproj", "{2141E65A-DADD-452F-9457-B43C5F14D215}"
EndProject
Project("{9A19103F-16F7-4668-BE54-9A1E7A4F7556}") = "03. Copy Binary File", "..\04. Streams, Files and Directories\02. Streams, Files and Directories - Exercise\03. Copy Binary File\03. Copy Binary File.csproj", "{1E1106C5-1B0D-474D-9386-099FB7D38AF8}"
EndProject
Project("{9A19103F-16F7-4668-BE54-9A1E7A4F7556}") = "04. Directory Traversal", "..\04. Streams, Files and Directories\02. Streams, Files and Directories - Exercise\04. Directory Traversal\04. Directory Traversal.csproj", "{237FDDF7-1F06-4BFE-B289-78CCBE7A2165}"
EndProject
Project("{9A19103F-16F7-4668-BE54-9A1E7A4F7556}") = "05. Copy Directory", "..\04. Streams, Files and Directories\02. Streams, Files and Directories - Exercise\05. Copy Directory\05. Copy Directory.csproj", "{574E0BA7-A8B9-4881-8CC8-03D184ABB3F8}"
EndProject
Project("{9A19103F-16F7-4668-BE54-9A1E7A4F7556}") = "06. Zip and Extracts", "..\04. Streams, Files and Directories\02. Streams, Files and Directories - Exercise\06. Zip and Extracts\06. Zip and Extracts.csproj", "{22737AAA-179E-4D29-A0A6-08A4118F7875}"
EndProject
Project("{9A19103F-16F7-4668-BE54-9A1E7A4F7556}") = "01. Sort Even Numbers", "..\05. Functional Programming\01. Functional Programming - Lab\01. Sort Even Numbers\01. Sort Even Numbers.csproj", "{3081656C-1257-4FAF-BEEB-AE9FE89276AA}"
EndProject
Project("{9A19103F-16F7-4668-BE54-9A1E7A4F7556}") = "02. Sum Numbers", "..\05. Functional Programming\01. Functional Programming - Lab\02. Sum Numbers\02. Sum Numbers.csproj", "{564CC863-E37E-40F3-AC79-40FBE3A916BE}"
EndProject
Project("{9A19103F-16F7-4668-BE54-9A1E7A4F7556}") = "03. Count Uppercase Words", "..\05. Functional Programming\01. Functional Programming - Lab\03. Count Uppercase Words\03. Count Uppercase Words.csproj", "{D57DF0E6-3637-4169-9DB4-78C576D31F81}"
EndProject
Project("{9A19103F-16F7-4668-BE54-9A1E7A4F7556}") = "04. Add VAT", "..\05. Functional Programming\01. Functional Programming - Lab\04. Add VAT\04. Add VAT.csproj", "{2406B025-944E-4145-9856-DED2BF4880B4}"
EndProject
Project("{9A19103F-16F7-4668-BE54-9A1E7A4F7556}") = "05. Filter By Age", "..\05. Functional Programming\01. Functional Programming - Lab\05. Filter By Age\05. Filter By Age.csproj", "{F669C35C-5FB3-4909-BAFF-E19073A6545D}"
EndProject
Project("{9A19103F-16F7-4668-BE54-9A1E7A4F7556}") = "01. Action Print", "..\05. Functional Programming\02. Functional Programming - Exercise\01. Action Print\01. Action Print.csproj", "{70E137AC-5568-4470-93B6-D2E5335A10A2}"
EndProject
Project("{9A19103F-16F7-4668-BE54-9A1E7A4F7556}") = "02. Knights of Honor", "..\05. Functional Programming\02. Functional Programming - Exercise\02. Knights of Honor\02. Knights of Honor.csproj", "{C08797FA-03B5-4BF2-8238-FE40903E9A92}"
EndProject
Project("{9A19103F-16F7-4668-BE54-9A1E7A4F7556}") = "03. Custom Min Function", "..\05. Functional Programming\02. Functional Programming - Exercise\03. Custom Min Function\03. Custom Min Function.csproj", "{B6C1E26E-5289-4964-9FC3-596F02045021}"
EndProject
Project("{9A19103F-16F7-4668-BE54-9A1E7A4F7556}") = "04. Find Evens or Odds", "..\05. Functional Programming\02. Functional Programming - Exercise\04. Find Evens or Odds\04. Find Evens or Odds.csproj", "{C63D5563-E693-4740-AFE8-C91B7D887461}"
EndProject
Project("{9A19103F-16F7-4668-BE54-9A1E7A4F7556}") = "05. Applied Arithmetics", "..\05. Functional Programming\02. Functional Programming - Exercise\05. Applied Arithmetics\05. Applied Arithmetics.csproj", "{1934A7F7-8638-4124-9693-DDF0086C6CC4}"
EndProject
Project("{9A19103F-16F7-4668-BE54-9A1E7A4F7556}") = "06. Reverse And Exclude", "..\05. Functional Programming\02. Functional Programming - Exercise\06. Reverse And Exclude\06. Reverse And Exclude.csproj", "{CFFCA897-9DFD-4AC2-B54F-64429D7DC7B6}"
EndProject
Project("{9A19103F-16F7-4668-BE54-9A1E7A4F7556}") = "07. Predicate For Names", "..\05. Functional Programming\02. Functional Programming - Exercise\07. Predicate For Names\07. Predicate For Names.csproj", "{36A58BBA-0D4C-4561-9AF7-E5770F6886D2}"
EndProject
Project("{9A19103F-16F7-4668-BE54-9A1E7A4F7556}") = "08. List Of Predicates", "..\05. Functional Programming\02. Functional Programming - Exercise\08. List Of Predicates\08. List Of Predicates.csproj", "{1D4EDBFD-BCFE-4E6D-85E7-C480F50FCBB6}"
EndProject
Project("{9A19103F-16F7-4668-BE54-9A1E7A4F7556}") = "09. Predicate Party!", "..\05. Functional Programming\02. Functional Programming - Exercise\09. Predicate Party!\09. Predicate Party!.csproj", "{08D2D906-BD83-4577-8721-E3659DB21A75}"
EndProject
Project("{9A19103F-16F7-4668-BE54-9A1E7A4F7556}") = "01. Define a Class Person", "..\06. Defining Classes\02. Defining Classes - Exercise\01. Define a Class Person\01. Define a Class Person.csproj", "{F68B4537-3F88-42AD-AA9E-D745EF88D52A}"
EndProject
Project("{9A19103F-16F7-4668-BE54-9A1E7A4F7556}") = "02. Creating Constructors", "..\06. Defining Classes\02. Defining Classes - Exercise\02. Creating Constructors\02. Creating Constructors.csproj", "{9E27C7C5-22BB-4215-AC8B-BC2FBB3AC3BC}"
EndProject
Project("{9A19103F-16F7-4668-BE54-9A1E7A4F7556}") = "03. Oldest Family Member", "..\06. Defining Classes\02. Defining Classes - Exercise\03. Oldest Family Member\03. Oldest Family Member.csproj", "{BBB568E0-EDC4-4B8F-BC47-18B2A4BB0855}"
EndProject
Project("{9A19103F-16F7-4668-BE54-9A1E7A4F7556}") = "GenericArrayCreator", "..\07. Generics\01. Generics - Lab\GenericArrayCreator\GenericArrayCreator.csproj", "{BC9856CC-7C4F-4022-BCB1-454AFF3BBB44}"
EndProject
Project("{9A19103F-16F7-4668-BE54-9A1E7A4F7556}") = "BoxOfT", "..\07. Generics\01. Generics - Lab\BoxOfT\BoxOfT.csproj", "{937C06EC-FA8A-4374-98CA-34C8632D9BDE}"
EndProject
Project("{9A19103F-16F7-4668-BE54-9A1E7A4F7556}") = "GenericScale", "..\07. Generics\01. Generics - Lab\GenericScale\GenericScale.csproj", "{367D8861-F437-48B1-85F4-6D0F0DF950FC}"
EndProject
Project("{9A19103F-16F7-4668-BE54-9A1E7A4F7556}") = "GenericBoxOfString", "..\07. Generics\02. Generics - Exercise\GenericBoxofString\GenericBoxOfString.csproj", "{73A1D7BC-63CF-471E-97FE-6552EFBB4855}"
EndProject
Project("{9A19103F-16F7-4668-BE54-9A1E7A4F7556}") = "GenericBoxOfInteger", "..\07. Generics\02. Generics - Exercise\GenericBoxOfInteger\GenericBoxOfInteger.csproj", "{8DB3B123-2365-4905-AE67-D350F5C4D24C}"
EndProject
Project("{9A19103F-16F7-4668-BE54-9A1E7A4F7556}") = "GenericSwapMethodString", "..\07. Generics\02. Generics - Exercise\GenericSwapMethodString\GenericSwapMethodString.csproj", "{8CB2D481-54A1-429D-B89A-241000D2C20C}"
EndProject
Project("{9A19103F-16F7-4668-BE54-9A1E7A4F7556}") = "GenericSwapMethodInteger", "..\07. Generics\02. Generics - Exercise\GenericSwapMethodInteger\GenericSwapMethodInteger.csproj", "{11CB187E-556B-403C-91AC-837D739D1654}"
EndProject
Project("{9A19103F-16F7-4668-BE54-9A1E7A4F7556}") = "GenericCountMethodString", "..\07. Generics\02. Generics - Exercise\GenericCountMethodString\GenericCountMethodString.csproj", "{3A0D7F89-2A46-4B30-86B9-D36F6D01437E}"
EndProject
Project("{9A19103F-16F7-4668-BE54-9A1E7A4F7556}") = "GenericCountMethodDouble", "..\07. Generics\02. Generics - Exercise\GenericCountMethodDouble\GenericCountMethodDouble.csproj", "{2AFAE337-F89C-4F12-9B24-C10C4D63CF0C}"
EndProject
Project("{9A19103F-16F7-4668-BE54-9A1E7A4F7556}") = "Tuple", "..\07. Generics\02. Generics - Exercise\Tuple\Tuple.csproj", "{CAE7F03E-D2B9-44D0-8A35-D8F91D1788A9}"
EndProject
Project("{9A19103F-16F7-4668-BE54-9A1E7A4F7556}") = "Threeuple", "..\07. Generics\02. Generics - Exercise\Threeuple\Threeuple.csproj", "{53E0E15E-81AF-4682-8267-BB9399EC2BE9}"
EndProject
Project("{9A19103F-16F7-4668-BE54-9A1E7A4F7556}") = "CustomDoublyLinkedList", "..\07. Generics\02. Generics - Exercise\CustomLinkedList\CustomDoublyLinkedList.csproj", "{B726473B-CD18-4ACA-B9E7-35F2329D13B9}"
EndProject
Project("{9A19103F-16F7-4668-BE54-9A1E7A4F7556}") = "IteratorsAndComparators", "..\08. Iterators and Comparators\01. Iterators and Comparators - Lab\IteratorsAndComparators\IteratorsAndComparators.csproj", "{5B1AA3D5-C0CE-45A8-8073-496309D13111}"
EndProject
Project("{FAE04EC0-301F-11D3-BF4B-00C04F79EFBC}") = "IteratorsAndComparators", "..\08. Iterators and Comparators\02. Iterators and Comparators - Exercise\IteratorsAndComparators\IteratorsAndComparators.csproj", "{D12C39F4-0109-4358-AF60-21216DB86683}"
EndProject
Global
	GlobalSection(SolutionConfigurationPlatforms) = preSolution
		Debug|Any CPU = Debug|Any CPU
		Release|Any CPU = Release|Any CPU
	EndGlobalSection
	GlobalSection(ProjectConfigurationPlatforms) = postSolution
		{1B048EEF-28FB-401F-A3D8-5BB4F927AD6A}.Debug|Any CPU.ActiveCfg = Debug|Any CPU
		{1B048EEF-28FB-401F-A3D8-5BB4F927AD6A}.Debug|Any CPU.Build.0 = Debug|Any CPU
		{1B048EEF-28FB-401F-A3D8-5BB4F927AD6A}.Release|Any CPU.ActiveCfg = Release|Any CPU
		{1B048EEF-28FB-401F-A3D8-5BB4F927AD6A}.Release|Any CPU.Build.0 = Release|Any CPU
		{3A2AE52E-54AA-4EC5-B232-03B706B1D2FA}.Debug|Any CPU.ActiveCfg = Debug|Any CPU
		{3A2AE52E-54AA-4EC5-B232-03B706B1D2FA}.Debug|Any CPU.Build.0 = Debug|Any CPU
		{3A2AE52E-54AA-4EC5-B232-03B706B1D2FA}.Release|Any CPU.ActiveCfg = Release|Any CPU
		{3A2AE52E-54AA-4EC5-B232-03B706B1D2FA}.Release|Any CPU.Build.0 = Release|Any CPU
		{27794664-4760-4C26-9976-BF79BC24BA8D}.Debug|Any CPU.ActiveCfg = Debug|Any CPU
		{27794664-4760-4C26-9976-BF79BC24BA8D}.Debug|Any CPU.Build.0 = Debug|Any CPU
		{27794664-4760-4C26-9976-BF79BC24BA8D}.Release|Any CPU.ActiveCfg = Release|Any CPU
		{27794664-4760-4C26-9976-BF79BC24BA8D}.Release|Any CPU.Build.0 = Release|Any CPU
		{CE8F9988-A35E-4AF6-8FBA-B46C447956B1}.Debug|Any CPU.ActiveCfg = Debug|Any CPU
		{CE8F9988-A35E-4AF6-8FBA-B46C447956B1}.Debug|Any CPU.Build.0 = Debug|Any CPU
		{CE8F9988-A35E-4AF6-8FBA-B46C447956B1}.Release|Any CPU.ActiveCfg = Release|Any CPU
		{CE8F9988-A35E-4AF6-8FBA-B46C447956B1}.Release|Any CPU.Build.0 = Release|Any CPU
		{ED8604F5-9165-4845-A4BB-E30661E3E3C8}.Debug|Any CPU.ActiveCfg = Debug|Any CPU
		{ED8604F5-9165-4845-A4BB-E30661E3E3C8}.Debug|Any CPU.Build.0 = Debug|Any CPU
		{ED8604F5-9165-4845-A4BB-E30661E3E3C8}.Release|Any CPU.ActiveCfg = Release|Any CPU
		{ED8604F5-9165-4845-A4BB-E30661E3E3C8}.Release|Any CPU.Build.0 = Release|Any CPU
		{C85F8DF1-D959-4EA2-B88A-EDEF56B04EDE}.Debug|Any CPU.ActiveCfg = Debug|Any CPU
		{C85F8DF1-D959-4EA2-B88A-EDEF56B04EDE}.Debug|Any CPU.Build.0 = Debug|Any CPU
		{C85F8DF1-D959-4EA2-B88A-EDEF56B04EDE}.Release|Any CPU.ActiveCfg = Release|Any CPU
		{C85F8DF1-D959-4EA2-B88A-EDEF56B04EDE}.Release|Any CPU.Build.0 = Release|Any CPU
		{F6D8B97C-24C5-4DE9-95A7-59C76A57C35B}.Debug|Any CPU.ActiveCfg = Debug|Any CPU
		{F6D8B97C-24C5-4DE9-95A7-59C76A57C35B}.Debug|Any CPU.Build.0 = Debug|Any CPU
		{F6D8B97C-24C5-4DE9-95A7-59C76A57C35B}.Release|Any CPU.ActiveCfg = Release|Any CPU
		{F6D8B97C-24C5-4DE9-95A7-59C76A57C35B}.Release|Any CPU.Build.0 = Release|Any CPU
		{B2F130BB-1191-4BB6-964B-3634F6C3A534}.Debug|Any CPU.ActiveCfg = Debug|Any CPU
		{B2F130BB-1191-4BB6-964B-3634F6C3A534}.Debug|Any CPU.Build.0 = Debug|Any CPU
		{B2F130BB-1191-4BB6-964B-3634F6C3A534}.Release|Any CPU.ActiveCfg = Release|Any CPU
		{B2F130BB-1191-4BB6-964B-3634F6C3A534}.Release|Any CPU.Build.0 = Release|Any CPU
		{81002AC8-48EA-4726-9FD5-B5D011ACF43A}.Debug|Any CPU.ActiveCfg = Debug|Any CPU
		{81002AC8-48EA-4726-9FD5-B5D011ACF43A}.Debug|Any CPU.Build.0 = Debug|Any CPU
		{81002AC8-48EA-4726-9FD5-B5D011ACF43A}.Release|Any CPU.ActiveCfg = Release|Any CPU
		{81002AC8-48EA-4726-9FD5-B5D011ACF43A}.Release|Any CPU.Build.0 = Release|Any CPU
		{932A55FF-A3E1-478C-A78E-A0879B4553D4}.Debug|Any CPU.ActiveCfg = Debug|Any CPU
		{932A55FF-A3E1-478C-A78E-A0879B4553D4}.Debug|Any CPU.Build.0 = Debug|Any CPU
		{932A55FF-A3E1-478C-A78E-A0879B4553D4}.Release|Any CPU.ActiveCfg = Release|Any CPU
		{932A55FF-A3E1-478C-A78E-A0879B4553D4}.Release|Any CPU.Build.0 = Release|Any CPU
		{9CEBA63D-C79A-4B00-9667-5E1EEDAD6F25}.Debug|Any CPU.ActiveCfg = Debug|Any CPU
		{9CEBA63D-C79A-4B00-9667-5E1EEDAD6F25}.Debug|Any CPU.Build.0 = Debug|Any CPU
		{9CEBA63D-C79A-4B00-9667-5E1EEDAD6F25}.Release|Any CPU.ActiveCfg = Release|Any CPU
		{9CEBA63D-C79A-4B00-9667-5E1EEDAD6F25}.Release|Any CPU.Build.0 = Release|Any CPU
		{84A9CEEB-5BC9-4876-8F05-C06CA5E4BCC6}.Debug|Any CPU.ActiveCfg = Debug|Any CPU
		{84A9CEEB-5BC9-4876-8F05-C06CA5E4BCC6}.Debug|Any CPU.Build.0 = Debug|Any CPU
		{84A9CEEB-5BC9-4876-8F05-C06CA5E4BCC6}.Release|Any CPU.ActiveCfg = Release|Any CPU
		{84A9CEEB-5BC9-4876-8F05-C06CA5E4BCC6}.Release|Any CPU.Build.0 = Release|Any CPU
		{BA309C91-8823-4046-8764-DD806F2C6DE9}.Debug|Any CPU.ActiveCfg = Debug|Any CPU
		{BA309C91-8823-4046-8764-DD806F2C6DE9}.Debug|Any CPU.Build.0 = Debug|Any CPU
		{BA309C91-8823-4046-8764-DD806F2C6DE9}.Release|Any CPU.ActiveCfg = Release|Any CPU
		{BA309C91-8823-4046-8764-DD806F2C6DE9}.Release|Any CPU.Build.0 = Release|Any CPU
		{16B5210E-B9A6-4806-ADED-ED9E9ECCC2DE}.Debug|Any CPU.ActiveCfg = Debug|Any CPU
		{16B5210E-B9A6-4806-ADED-ED9E9ECCC2DE}.Debug|Any CPU.Build.0 = Debug|Any CPU
		{16B5210E-B9A6-4806-ADED-ED9E9ECCC2DE}.Release|Any CPU.ActiveCfg = Release|Any CPU
		{16B5210E-B9A6-4806-ADED-ED9E9ECCC2DE}.Release|Any CPU.Build.0 = Release|Any CPU
		{3C5C1F0D-CD0D-4632-91C7-14E381532F89}.Debug|Any CPU.ActiveCfg = Debug|Any CPU
		{3C5C1F0D-CD0D-4632-91C7-14E381532F89}.Debug|Any CPU.Build.0 = Debug|Any CPU
		{3C5C1F0D-CD0D-4632-91C7-14E381532F89}.Release|Any CPU.ActiveCfg = Release|Any CPU
		{3C5C1F0D-CD0D-4632-91C7-14E381532F89}.Release|Any CPU.Build.0 = Release|Any CPU
		{B56E3A0E-4B74-477E-82F3-F943EDC55453}.Debug|Any CPU.ActiveCfg = Debug|Any CPU
		{B56E3A0E-4B74-477E-82F3-F943EDC55453}.Debug|Any CPU.Build.0 = Debug|Any CPU
		{B56E3A0E-4B74-477E-82F3-F943EDC55453}.Release|Any CPU.ActiveCfg = Release|Any CPU
		{B56E3A0E-4B74-477E-82F3-F943EDC55453}.Release|Any CPU.Build.0 = Release|Any CPU
		{11267E83-D166-444D-A65B-D0263695928A}.Debug|Any CPU.ActiveCfg = Debug|Any CPU
		{11267E83-D166-444D-A65B-D0263695928A}.Debug|Any CPU.Build.0 = Debug|Any CPU
		{11267E83-D166-444D-A65B-D0263695928A}.Release|Any CPU.ActiveCfg = Release|Any CPU
		{11267E83-D166-444D-A65B-D0263695928A}.Release|Any CPU.Build.0 = Release|Any CPU
		{EF8AA0BC-2F9B-4030-8EBD-4CF83BCA9163}.Debug|Any CPU.ActiveCfg = Debug|Any CPU
		{EF8AA0BC-2F9B-4030-8EBD-4CF83BCA9163}.Debug|Any CPU.Build.0 = Debug|Any CPU
		{EF8AA0BC-2F9B-4030-8EBD-4CF83BCA9163}.Release|Any CPU.ActiveCfg = Release|Any CPU
		{EF8AA0BC-2F9B-4030-8EBD-4CF83BCA9163}.Release|Any CPU.Build.0 = Release|Any CPU
		{1493B586-8D97-40C0-8089-E323CAE1E713}.Debug|Any CPU.ActiveCfg = Debug|Any CPU
		{1493B586-8D97-40C0-8089-E323CAE1E713}.Debug|Any CPU.Build.0 = Debug|Any CPU
		{1493B586-8D97-40C0-8089-E323CAE1E713}.Release|Any CPU.ActiveCfg = Release|Any CPU
		{1493B586-8D97-40C0-8089-E323CAE1E713}.Release|Any CPU.Build.0 = Release|Any CPU
		{A5A61DED-5ED8-4903-A916-D3B94DAF8774}.Debug|Any CPU.ActiveCfg = Debug|Any CPU
		{A5A61DED-5ED8-4903-A916-D3B94DAF8774}.Debug|Any CPU.Build.0 = Debug|Any CPU
		{A5A61DED-5ED8-4903-A916-D3B94DAF8774}.Release|Any CPU.ActiveCfg = Release|Any CPU
		{A5A61DED-5ED8-4903-A916-D3B94DAF8774}.Release|Any CPU.Build.0 = Release|Any CPU
		{19CE5565-5C85-468E-B7E1-0969A97F42E7}.Debug|Any CPU.ActiveCfg = Debug|Any CPU
		{19CE5565-5C85-468E-B7E1-0969A97F42E7}.Debug|Any CPU.Build.0 = Debug|Any CPU
		{19CE5565-5C85-468E-B7E1-0969A97F42E7}.Release|Any CPU.ActiveCfg = Release|Any CPU
		{19CE5565-5C85-468E-B7E1-0969A97F42E7}.Release|Any CPU.Build.0 = Release|Any CPU
		{10E48BEB-FD37-4555-9E36-8F14BF8E6296}.Debug|Any CPU.ActiveCfg = Debug|Any CPU
		{10E48BEB-FD37-4555-9E36-8F14BF8E6296}.Debug|Any CPU.Build.0 = Debug|Any CPU
		{10E48BEB-FD37-4555-9E36-8F14BF8E6296}.Release|Any CPU.ActiveCfg = Release|Any CPU
		{10E48BEB-FD37-4555-9E36-8F14BF8E6296}.Release|Any CPU.Build.0 = Release|Any CPU
		{FA9AF4E9-DDE7-4370-9836-E9A423F09935}.Debug|Any CPU.ActiveCfg = Debug|Any CPU
		{FA9AF4E9-DDE7-4370-9836-E9A423F09935}.Debug|Any CPU.Build.0 = Debug|Any CPU
		{FA9AF4E9-DDE7-4370-9836-E9A423F09935}.Release|Any CPU.ActiveCfg = Release|Any CPU
		{FA9AF4E9-DDE7-4370-9836-E9A423F09935}.Release|Any CPU.Build.0 = Release|Any CPU
		{85799D85-DFA6-484D-BC33-803EEA153AC9}.Debug|Any CPU.ActiveCfg = Debug|Any CPU
		{85799D85-DFA6-484D-BC33-803EEA153AC9}.Debug|Any CPU.Build.0 = Debug|Any CPU
		{85799D85-DFA6-484D-BC33-803EEA153AC9}.Release|Any CPU.ActiveCfg = Release|Any CPU
		{85799D85-DFA6-484D-BC33-803EEA153AC9}.Release|Any CPU.Build.0 = Release|Any CPU
		{526B4AC2-24D4-4FB1-A835-AB54710C9362}.Debug|Any CPU.ActiveCfg = Debug|Any CPU
		{526B4AC2-24D4-4FB1-A835-AB54710C9362}.Debug|Any CPU.Build.0 = Debug|Any CPU
		{526B4AC2-24D4-4FB1-A835-AB54710C9362}.Release|Any CPU.ActiveCfg = Release|Any CPU
		{526B4AC2-24D4-4FB1-A835-AB54710C9362}.Release|Any CPU.Build.0 = Release|Any CPU
		{52FF4262-D78E-4B80-B2CB-AA9B654C5DB8}.Debug|Any CPU.ActiveCfg = Debug|Any CPU
		{52FF4262-D78E-4B80-B2CB-AA9B654C5DB8}.Debug|Any CPU.Build.0 = Debug|Any CPU
		{52FF4262-D78E-4B80-B2CB-AA9B654C5DB8}.Release|Any CPU.ActiveCfg = Release|Any CPU
		{52FF4262-D78E-4B80-B2CB-AA9B654C5DB8}.Release|Any CPU.Build.0 = Release|Any CPU
		{C5408608-5C0D-4948-92C8-461E33E40382}.Debug|Any CPU.ActiveCfg = Debug|Any CPU
		{C5408608-5C0D-4948-92C8-461E33E40382}.Debug|Any CPU.Build.0 = Debug|Any CPU
		{C5408608-5C0D-4948-92C8-461E33E40382}.Release|Any CPU.ActiveCfg = Release|Any CPU
		{C5408608-5C0D-4948-92C8-461E33E40382}.Release|Any CPU.Build.0 = Release|Any CPU
		{A1224D32-510B-4902-8295-E4A43452B653}.Debug|Any CPU.ActiveCfg = Debug|Any CPU
		{A1224D32-510B-4902-8295-E4A43452B653}.Debug|Any CPU.Build.0 = Debug|Any CPU
		{A1224D32-510B-4902-8295-E4A43452B653}.Release|Any CPU.ActiveCfg = Release|Any CPU
		{A1224D32-510B-4902-8295-E4A43452B653}.Release|Any CPU.Build.0 = Release|Any CPU
		{E812D1FC-EC59-4E84-8B6F-E85FD0E93058}.Debug|Any CPU.ActiveCfg = Debug|Any CPU
		{E812D1FC-EC59-4E84-8B6F-E85FD0E93058}.Debug|Any CPU.Build.0 = Debug|Any CPU
		{E812D1FC-EC59-4E84-8B6F-E85FD0E93058}.Release|Any CPU.ActiveCfg = Release|Any CPU
		{E812D1FC-EC59-4E84-8B6F-E85FD0E93058}.Release|Any CPU.Build.0 = Release|Any CPU
		{6324DF45-AD19-46FB-B68F-5E63237BFD04}.Debug|Any CPU.ActiveCfg = Debug|Any CPU
		{6324DF45-AD19-46FB-B68F-5E63237BFD04}.Debug|Any CPU.Build.0 = Debug|Any CPU
		{6324DF45-AD19-46FB-B68F-5E63237BFD04}.Release|Any CPU.ActiveCfg = Release|Any CPU
		{6324DF45-AD19-46FB-B68F-5E63237BFD04}.Release|Any CPU.Build.0 = Release|Any CPU
		{1F1DC2E0-F42B-4F05-AAD0-A34CABBA5329}.Debug|Any CPU.ActiveCfg = Debug|Any CPU
		{1F1DC2E0-F42B-4F05-AAD0-A34CABBA5329}.Debug|Any CPU.Build.0 = Debug|Any CPU
		{1F1DC2E0-F42B-4F05-AAD0-A34CABBA5329}.Release|Any CPU.ActiveCfg = Release|Any CPU
		{1F1DC2E0-F42B-4F05-AAD0-A34CABBA5329}.Release|Any CPU.Build.0 = Release|Any CPU
		{E54A724A-BFA6-4C69-A82A-13D58CBEF155}.Debug|Any CPU.ActiveCfg = Debug|Any CPU
		{E54A724A-BFA6-4C69-A82A-13D58CBEF155}.Debug|Any CPU.Build.0 = Debug|Any CPU
		{E54A724A-BFA6-4C69-A82A-13D58CBEF155}.Release|Any CPU.ActiveCfg = Release|Any CPU
		{E54A724A-BFA6-4C69-A82A-13D58CBEF155}.Release|Any CPU.Build.0 = Release|Any CPU
		{5ED89212-4903-4BC8-AFF7-031BF42C0562}.Debug|Any CPU.ActiveCfg = Debug|Any CPU
		{5ED89212-4903-4BC8-AFF7-031BF42C0562}.Debug|Any CPU.Build.0 = Debug|Any CPU
		{5ED89212-4903-4BC8-AFF7-031BF42C0562}.Release|Any CPU.ActiveCfg = Release|Any CPU
		{5ED89212-4903-4BC8-AFF7-031BF42C0562}.Release|Any CPU.Build.0 = Release|Any CPU
		{B76D4C71-8977-4282-9F9A-C5CF50B4DD31}.Debug|Any CPU.ActiveCfg = Debug|Any CPU
		{B76D4C71-8977-4282-9F9A-C5CF50B4DD31}.Debug|Any CPU.Build.0 = Debug|Any CPU
		{B76D4C71-8977-4282-9F9A-C5CF50B4DD31}.Release|Any CPU.ActiveCfg = Release|Any CPU
		{B76D4C71-8977-4282-9F9A-C5CF50B4DD31}.Release|Any CPU.Build.0 = Release|Any CPU
		{CDA8203D-E890-4DE8-AE58-8638F751BFEA}.Debug|Any CPU.ActiveCfg = Debug|Any CPU
		{CDA8203D-E890-4DE8-AE58-8638F751BFEA}.Debug|Any CPU.Build.0 = Debug|Any CPU
		{CDA8203D-E890-4DE8-AE58-8638F751BFEA}.Release|Any CPU.ActiveCfg = Release|Any CPU
		{CDA8203D-E890-4DE8-AE58-8638F751BFEA}.Release|Any CPU.Build.0 = Release|Any CPU
		{7C35C58C-A407-4996-AA69-83941DBCA20B}.Debug|Any CPU.ActiveCfg = Debug|Any CPU
		{7C35C58C-A407-4996-AA69-83941DBCA20B}.Debug|Any CPU.Build.0 = Debug|Any CPU
		{7C35C58C-A407-4996-AA69-83941DBCA20B}.Release|Any CPU.ActiveCfg = Release|Any CPU
		{7C35C58C-A407-4996-AA69-83941DBCA20B}.Release|Any CPU.Build.0 = Release|Any CPU
		{AEAECEF8-083C-4C68-B71A-24911CE1093C}.Debug|Any CPU.ActiveCfg = Debug|Any CPU
		{AEAECEF8-083C-4C68-B71A-24911CE1093C}.Debug|Any CPU.Build.0 = Debug|Any CPU
		{AEAECEF8-083C-4C68-B71A-24911CE1093C}.Release|Any CPU.ActiveCfg = Release|Any CPU
		{AEAECEF8-083C-4C68-B71A-24911CE1093C}.Release|Any CPU.Build.0 = Release|Any CPU
		{3777C82D-A2FD-46A5-9AC4-AE7EA5ABD456}.Debug|Any CPU.ActiveCfg = Debug|Any CPU
		{3777C82D-A2FD-46A5-9AC4-AE7EA5ABD456}.Debug|Any CPU.Build.0 = Debug|Any CPU
		{3777C82D-A2FD-46A5-9AC4-AE7EA5ABD456}.Release|Any CPU.ActiveCfg = Release|Any CPU
		{3777C82D-A2FD-46A5-9AC4-AE7EA5ABD456}.Release|Any CPU.Build.0 = Release|Any CPU
		{9D54AA70-062B-4D56-8917-2E9DC5BF05B0}.Debug|Any CPU.ActiveCfg = Debug|Any CPU
		{9D54AA70-062B-4D56-8917-2E9DC5BF05B0}.Debug|Any CPU.Build.0 = Debug|Any CPU
		{9D54AA70-062B-4D56-8917-2E9DC5BF05B0}.Release|Any CPU.ActiveCfg = Release|Any CPU
		{9D54AA70-062B-4D56-8917-2E9DC5BF05B0}.Release|Any CPU.Build.0 = Release|Any CPU
		{C3E4B95E-E43D-41CE-82A9-2AF5403FDA88}.Debug|Any CPU.ActiveCfg = Debug|Any CPU
		{C3E4B95E-E43D-41CE-82A9-2AF5403FDA88}.Debug|Any CPU.Build.0 = Debug|Any CPU
		{C3E4B95E-E43D-41CE-82A9-2AF5403FDA88}.Release|Any CPU.ActiveCfg = Release|Any CPU
		{C3E4B95E-E43D-41CE-82A9-2AF5403FDA88}.Release|Any CPU.Build.0 = Release|Any CPU
		{F8D090EF-EEC4-4BC4-B6D6-63CE29BF92A5}.Debug|Any CPU.ActiveCfg = Debug|Any CPU
		{F8D090EF-EEC4-4BC4-B6D6-63CE29BF92A5}.Debug|Any CPU.Build.0 = Debug|Any CPU
		{F8D090EF-EEC4-4BC4-B6D6-63CE29BF92A5}.Release|Any CPU.ActiveCfg = Release|Any CPU
		{F8D090EF-EEC4-4BC4-B6D6-63CE29BF92A5}.Release|Any CPU.Build.0 = Release|Any CPU
		{99FB7732-87BA-4B44-8E8E-4FCD192FE499}.Debug|Any CPU.ActiveCfg = Debug|Any CPU
		{99FB7732-87BA-4B44-8E8E-4FCD192FE499}.Debug|Any CPU.Build.0 = Debug|Any CPU
		{99FB7732-87BA-4B44-8E8E-4FCD192FE499}.Release|Any CPU.ActiveCfg = Release|Any CPU
		{99FB7732-87BA-4B44-8E8E-4FCD192FE499}.Release|Any CPU.Build.0 = Release|Any CPU
		{1A615E1B-719E-469F-AA11-6367D8C758C4}.Debug|Any CPU.ActiveCfg = Debug|Any CPU
		{1A615E1B-719E-469F-AA11-6367D8C758C4}.Debug|Any CPU.Build.0 = Debug|Any CPU
		{1A615E1B-719E-469F-AA11-6367D8C758C4}.Release|Any CPU.ActiveCfg = Release|Any CPU
		{1A615E1B-719E-469F-AA11-6367D8C758C4}.Release|Any CPU.Build.0 = Release|Any CPU
		{46793520-5F05-458C-8155-1520AA7B1FEB}.Debug|Any CPU.ActiveCfg = Debug|Any CPU
		{46793520-5F05-458C-8155-1520AA7B1FEB}.Debug|Any CPU.Build.0 = Debug|Any CPU
		{46793520-5F05-458C-8155-1520AA7B1FEB}.Release|Any CPU.ActiveCfg = Release|Any CPU
		{46793520-5F05-458C-8155-1520AA7B1FEB}.Release|Any CPU.Build.0 = Release|Any CPU
		{2141E65A-DADD-452F-9457-B43C5F14D215}.Debug|Any CPU.ActiveCfg = Debug|Any CPU
		{2141E65A-DADD-452F-9457-B43C5F14D215}.Debug|Any CPU.Build.0 = Debug|Any CPU
		{2141E65A-DADD-452F-9457-B43C5F14D215}.Release|Any CPU.ActiveCfg = Release|Any CPU
		{2141E65A-DADD-452F-9457-B43C5F14D215}.Release|Any CPU.Build.0 = Release|Any CPU
		{1E1106C5-1B0D-474D-9386-099FB7D38AF8}.Debug|Any CPU.ActiveCfg = Debug|Any CPU
		{1E1106C5-1B0D-474D-9386-099FB7D38AF8}.Debug|Any CPU.Build.0 = Debug|Any CPU
		{1E1106C5-1B0D-474D-9386-099FB7D38AF8}.Release|Any CPU.ActiveCfg = Release|Any CPU
		{1E1106C5-1B0D-474D-9386-099FB7D38AF8}.Release|Any CPU.Build.0 = Release|Any CPU
		{237FDDF7-1F06-4BFE-B289-78CCBE7A2165}.Debug|Any CPU.ActiveCfg = Debug|Any CPU
		{237FDDF7-1F06-4BFE-B289-78CCBE7A2165}.Debug|Any CPU.Build.0 = Debug|Any CPU
		{237FDDF7-1F06-4BFE-B289-78CCBE7A2165}.Release|Any CPU.ActiveCfg = Release|Any CPU
		{237FDDF7-1F06-4BFE-B289-78CCBE7A2165}.Release|Any CPU.Build.0 = Release|Any CPU
		{574E0BA7-A8B9-4881-8CC8-03D184ABB3F8}.Debug|Any CPU.ActiveCfg = Debug|Any CPU
		{574E0BA7-A8B9-4881-8CC8-03D184ABB3F8}.Debug|Any CPU.Build.0 = Debug|Any CPU
		{574E0BA7-A8B9-4881-8CC8-03D184ABB3F8}.Release|Any CPU.ActiveCfg = Release|Any CPU
		{574E0BA7-A8B9-4881-8CC8-03D184ABB3F8}.Release|Any CPU.Build.0 = Release|Any CPU
		{22737AAA-179E-4D29-A0A6-08A4118F7875}.Debug|Any CPU.ActiveCfg = Debug|Any CPU
		{22737AAA-179E-4D29-A0A6-08A4118F7875}.Debug|Any CPU.Build.0 = Debug|Any CPU
		{22737AAA-179E-4D29-A0A6-08A4118F7875}.Release|Any CPU.ActiveCfg = Release|Any CPU
		{22737AAA-179E-4D29-A0A6-08A4118F7875}.Release|Any CPU.Build.0 = Release|Any CPU
		{3081656C-1257-4FAF-BEEB-AE9FE89276AA}.Debug|Any CPU.ActiveCfg = Debug|Any CPU
		{3081656C-1257-4FAF-BEEB-AE9FE89276AA}.Debug|Any CPU.Build.0 = Debug|Any CPU
		{3081656C-1257-4FAF-BEEB-AE9FE89276AA}.Release|Any CPU.ActiveCfg = Release|Any CPU
		{3081656C-1257-4FAF-BEEB-AE9FE89276AA}.Release|Any CPU.Build.0 = Release|Any CPU
		{564CC863-E37E-40F3-AC79-40FBE3A916BE}.Debug|Any CPU.ActiveCfg = Debug|Any CPU
		{564CC863-E37E-40F3-AC79-40FBE3A916BE}.Debug|Any CPU.Build.0 = Debug|Any CPU
		{564CC863-E37E-40F3-AC79-40FBE3A916BE}.Release|Any CPU.ActiveCfg = Release|Any CPU
		{564CC863-E37E-40F3-AC79-40FBE3A916BE}.Release|Any CPU.Build.0 = Release|Any CPU
		{D57DF0E6-3637-4169-9DB4-78C576D31F81}.Debug|Any CPU.ActiveCfg = Debug|Any CPU
		{D57DF0E6-3637-4169-9DB4-78C576D31F81}.Debug|Any CPU.Build.0 = Debug|Any CPU
		{D57DF0E6-3637-4169-9DB4-78C576D31F81}.Release|Any CPU.ActiveCfg = Release|Any CPU
		{D57DF0E6-3637-4169-9DB4-78C576D31F81}.Release|Any CPU.Build.0 = Release|Any CPU
		{2406B025-944E-4145-9856-DED2BF4880B4}.Debug|Any CPU.ActiveCfg = Debug|Any CPU
		{2406B025-944E-4145-9856-DED2BF4880B4}.Debug|Any CPU.Build.0 = Debug|Any CPU
		{2406B025-944E-4145-9856-DED2BF4880B4}.Release|Any CPU.ActiveCfg = Release|Any CPU
		{2406B025-944E-4145-9856-DED2BF4880B4}.Release|Any CPU.Build.0 = Release|Any CPU
		{F669C35C-5FB3-4909-BAFF-E19073A6545D}.Debug|Any CPU.ActiveCfg = Debug|Any CPU
		{F669C35C-5FB3-4909-BAFF-E19073A6545D}.Debug|Any CPU.Build.0 = Debug|Any CPU
		{F669C35C-5FB3-4909-BAFF-E19073A6545D}.Release|Any CPU.ActiveCfg = Release|Any CPU
		{F669C35C-5FB3-4909-BAFF-E19073A6545D}.Release|Any CPU.Build.0 = Release|Any CPU
		{70E137AC-5568-4470-93B6-D2E5335A10A2}.Debug|Any CPU.ActiveCfg = Debug|Any CPU
		{70E137AC-5568-4470-93B6-D2E5335A10A2}.Debug|Any CPU.Build.0 = Debug|Any CPU
		{70E137AC-5568-4470-93B6-D2E5335A10A2}.Release|Any CPU.ActiveCfg = Release|Any CPU
		{70E137AC-5568-4470-93B6-D2E5335A10A2}.Release|Any CPU.Build.0 = Release|Any CPU
		{C08797FA-03B5-4BF2-8238-FE40903E9A92}.Debug|Any CPU.ActiveCfg = Debug|Any CPU
		{C08797FA-03B5-4BF2-8238-FE40903E9A92}.Debug|Any CPU.Build.0 = Debug|Any CPU
		{C08797FA-03B5-4BF2-8238-FE40903E9A92}.Release|Any CPU.ActiveCfg = Release|Any CPU
		{C08797FA-03B5-4BF2-8238-FE40903E9A92}.Release|Any CPU.Build.0 = Release|Any CPU
		{B6C1E26E-5289-4964-9FC3-596F02045021}.Debug|Any CPU.ActiveCfg = Debug|Any CPU
		{B6C1E26E-5289-4964-9FC3-596F02045021}.Debug|Any CPU.Build.0 = Debug|Any CPU
		{B6C1E26E-5289-4964-9FC3-596F02045021}.Release|Any CPU.ActiveCfg = Release|Any CPU
		{B6C1E26E-5289-4964-9FC3-596F02045021}.Release|Any CPU.Build.0 = Release|Any CPU
		{C63D5563-E693-4740-AFE8-C91B7D887461}.Debug|Any CPU.ActiveCfg = Debug|Any CPU
		{C63D5563-E693-4740-AFE8-C91B7D887461}.Debug|Any CPU.Build.0 = Debug|Any CPU
		{C63D5563-E693-4740-AFE8-C91B7D887461}.Release|Any CPU.ActiveCfg = Release|Any CPU
		{C63D5563-E693-4740-AFE8-C91B7D887461}.Release|Any CPU.Build.0 = Release|Any CPU
		{1934A7F7-8638-4124-9693-DDF0086C6CC4}.Debug|Any CPU.ActiveCfg = Debug|Any CPU
		{1934A7F7-8638-4124-9693-DDF0086C6CC4}.Debug|Any CPU.Build.0 = Debug|Any CPU
		{1934A7F7-8638-4124-9693-DDF0086C6CC4}.Release|Any CPU.ActiveCfg = Release|Any CPU
		{1934A7F7-8638-4124-9693-DDF0086C6CC4}.Release|Any CPU.Build.0 = Release|Any CPU
		{CFFCA897-9DFD-4AC2-B54F-64429D7DC7B6}.Debug|Any CPU.ActiveCfg = Debug|Any CPU
		{CFFCA897-9DFD-4AC2-B54F-64429D7DC7B6}.Debug|Any CPU.Build.0 = Debug|Any CPU
		{CFFCA897-9DFD-4AC2-B54F-64429D7DC7B6}.Release|Any CPU.ActiveCfg = Release|Any CPU
		{CFFCA897-9DFD-4AC2-B54F-64429D7DC7B6}.Release|Any CPU.Build.0 = Release|Any CPU
		{36A58BBA-0D4C-4561-9AF7-E5770F6886D2}.Debug|Any CPU.ActiveCfg = Debug|Any CPU
		{36A58BBA-0D4C-4561-9AF7-E5770F6886D2}.Debug|Any CPU.Build.0 = Debug|Any CPU
		{36A58BBA-0D4C-4561-9AF7-E5770F6886D2}.Release|Any CPU.ActiveCfg = Release|Any CPU
		{36A58BBA-0D4C-4561-9AF7-E5770F6886D2}.Release|Any CPU.Build.0 = Release|Any CPU
		{1D4EDBFD-BCFE-4E6D-85E7-C480F50FCBB6}.Debug|Any CPU.ActiveCfg = Debug|Any CPU
		{1D4EDBFD-BCFE-4E6D-85E7-C480F50FCBB6}.Debug|Any CPU.Build.0 = Debug|Any CPU
		{1D4EDBFD-BCFE-4E6D-85E7-C480F50FCBB6}.Release|Any CPU.ActiveCfg = Release|Any CPU
		{1D4EDBFD-BCFE-4E6D-85E7-C480F50FCBB6}.Release|Any CPU.Build.0 = Release|Any CPU
		{08D2D906-BD83-4577-8721-E3659DB21A75}.Debug|Any CPU.ActiveCfg = Debug|Any CPU
		{08D2D906-BD83-4577-8721-E3659DB21A75}.Debug|Any CPU.Build.0 = Debug|Any CPU
		{08D2D906-BD83-4577-8721-E3659DB21A75}.Release|Any CPU.ActiveCfg = Release|Any CPU
		{08D2D906-BD83-4577-8721-E3659DB21A75}.Release|Any CPU.Build.0 = Release|Any CPU
		{F68B4537-3F88-42AD-AA9E-D745EF88D52A}.Debug|Any CPU.ActiveCfg = Debug|Any CPU
		{F68B4537-3F88-42AD-AA9E-D745EF88D52A}.Debug|Any CPU.Build.0 = Debug|Any CPU
		{F68B4537-3F88-42AD-AA9E-D745EF88D52A}.Release|Any CPU.ActiveCfg = Release|Any CPU
		{F68B4537-3F88-42AD-AA9E-D745EF88D52A}.Release|Any CPU.Build.0 = Release|Any CPU
		{9E27C7C5-22BB-4215-AC8B-BC2FBB3AC3BC}.Debug|Any CPU.ActiveCfg = Debug|Any CPU
		{9E27C7C5-22BB-4215-AC8B-BC2FBB3AC3BC}.Debug|Any CPU.Build.0 = Debug|Any CPU
		{9E27C7C5-22BB-4215-AC8B-BC2FBB3AC3BC}.Release|Any CPU.ActiveCfg = Release|Any CPU
		{9E27C7C5-22BB-4215-AC8B-BC2FBB3AC3BC}.Release|Any CPU.Build.0 = Release|Any CPU
		{BBB568E0-EDC4-4B8F-BC47-18B2A4BB0855}.Debug|Any CPU.ActiveCfg = Debug|Any CPU
		{BBB568E0-EDC4-4B8F-BC47-18B2A4BB0855}.Debug|Any CPU.Build.0 = Debug|Any CPU
		{BBB568E0-EDC4-4B8F-BC47-18B2A4BB0855}.Release|Any CPU.ActiveCfg = Release|Any CPU
		{BBB568E0-EDC4-4B8F-BC47-18B2A4BB0855}.Release|Any CPU.Build.0 = Release|Any CPU
		{BC9856CC-7C4F-4022-BCB1-454AFF3BBB44}.Debug|Any CPU.ActiveCfg = Debug|Any CPU
		{BC9856CC-7C4F-4022-BCB1-454AFF3BBB44}.Debug|Any CPU.Build.0 = Debug|Any CPU
		{BC9856CC-7C4F-4022-BCB1-454AFF3BBB44}.Release|Any CPU.ActiveCfg = Release|Any CPU
		{BC9856CC-7C4F-4022-BCB1-454AFF3BBB44}.Release|Any CPU.Build.0 = Release|Any CPU
		{937C06EC-FA8A-4374-98CA-34C8632D9BDE}.Debug|Any CPU.ActiveCfg = Debug|Any CPU
		{937C06EC-FA8A-4374-98CA-34C8632D9BDE}.Debug|Any CPU.Build.0 = Debug|Any CPU
		{937C06EC-FA8A-4374-98CA-34C8632D9BDE}.Release|Any CPU.ActiveCfg = Release|Any CPU
		{937C06EC-FA8A-4374-98CA-34C8632D9BDE}.Release|Any CPU.Build.0 = Release|Any CPU
		{367D8861-F437-48B1-85F4-6D0F0DF950FC}.Debug|Any CPU.ActiveCfg = Debug|Any CPU
		{367D8861-F437-48B1-85F4-6D0F0DF950FC}.Debug|Any CPU.Build.0 = Debug|Any CPU
		{367D8861-F437-48B1-85F4-6D0F0DF950FC}.Release|Any CPU.ActiveCfg = Release|Any CPU
		{367D8861-F437-48B1-85F4-6D0F0DF950FC}.Release|Any CPU.Build.0 = Release|Any CPU
		{73A1D7BC-63CF-471E-97FE-6552EFBB4855}.Debug|Any CPU.ActiveCfg = Debug|Any CPU
		{73A1D7BC-63CF-471E-97FE-6552EFBB4855}.Debug|Any CPU.Build.0 = Debug|Any CPU
		{73A1D7BC-63CF-471E-97FE-6552EFBB4855}.Release|Any CPU.ActiveCfg = Release|Any CPU
		{73A1D7BC-63CF-471E-97FE-6552EFBB4855}.Release|Any CPU.Build.0 = Release|Any CPU
		{8DB3B123-2365-4905-AE67-D350F5C4D24C}.Debug|Any CPU.ActiveCfg = Debug|Any CPU
		{8DB3B123-2365-4905-AE67-D350F5C4D24C}.Debug|Any CPU.Build.0 = Debug|Any CPU
		{8DB3B123-2365-4905-AE67-D350F5C4D24C}.Release|Any CPU.ActiveCfg = Release|Any CPU
		{8DB3B123-2365-4905-AE67-D350F5C4D24C}.Release|Any CPU.Build.0 = Release|Any CPU
		{8CB2D481-54A1-429D-B89A-241000D2C20C}.Debug|Any CPU.ActiveCfg = Debug|Any CPU
		{8CB2D481-54A1-429D-B89A-241000D2C20C}.Debug|Any CPU.Build.0 = Debug|Any CPU
		{8CB2D481-54A1-429D-B89A-241000D2C20C}.Release|Any CPU.ActiveCfg = Release|Any CPU
		{8CB2D481-54A1-429D-B89A-241000D2C20C}.Release|Any CPU.Build.0 = Release|Any CPU
		{11CB187E-556B-403C-91AC-837D739D1654}.Debug|Any CPU.ActiveCfg = Debug|Any CPU
		{11CB187E-556B-403C-91AC-837D739D1654}.Debug|Any CPU.Build.0 = Debug|Any CPU
		{11CB187E-556B-403C-91AC-837D739D1654}.Release|Any CPU.ActiveCfg = Release|Any CPU
		{11CB187E-556B-403C-91AC-837D739D1654}.Release|Any CPU.Build.0 = Release|Any CPU
		{3A0D7F89-2A46-4B30-86B9-D36F6D01437E}.Debug|Any CPU.ActiveCfg = Debug|Any CPU
		{3A0D7F89-2A46-4B30-86B9-D36F6D01437E}.Debug|Any CPU.Build.0 = Debug|Any CPU
		{3A0D7F89-2A46-4B30-86B9-D36F6D01437E}.Release|Any CPU.ActiveCfg = Release|Any CPU
		{3A0D7F89-2A46-4B30-86B9-D36F6D01437E}.Release|Any CPU.Build.0 = Release|Any CPU
		{2AFAE337-F89C-4F12-9B24-C10C4D63CF0C}.Debug|Any CPU.ActiveCfg = Debug|Any CPU
		{2AFAE337-F89C-4F12-9B24-C10C4D63CF0C}.Debug|Any CPU.Build.0 = Debug|Any CPU
		{2AFAE337-F89C-4F12-9B24-C10C4D63CF0C}.Release|Any CPU.ActiveCfg = Release|Any CPU
		{2AFAE337-F89C-4F12-9B24-C10C4D63CF0C}.Release|Any CPU.Build.0 = Release|Any CPU
		{CAE7F03E-D2B9-44D0-8A35-D8F91D1788A9}.Debug|Any CPU.ActiveCfg = Debug|Any CPU
		{CAE7F03E-D2B9-44D0-8A35-D8F91D1788A9}.Debug|Any CPU.Build.0 = Debug|Any CPU
		{CAE7F03E-D2B9-44D0-8A35-D8F91D1788A9}.Release|Any CPU.ActiveCfg = Release|Any CPU
		{CAE7F03E-D2B9-44D0-8A35-D8F91D1788A9}.Release|Any CPU.Build.0 = Release|Any CPU
		{53E0E15E-81AF-4682-8267-BB9399EC2BE9}.Debug|Any CPU.ActiveCfg = Debug|Any CPU
		{53E0E15E-81AF-4682-8267-BB9399EC2BE9}.Debug|Any CPU.Build.0 = Debug|Any CPU
		{53E0E15E-81AF-4682-8267-BB9399EC2BE9}.Release|Any CPU.ActiveCfg = Release|Any CPU
		{53E0E15E-81AF-4682-8267-BB9399EC2BE9}.Release|Any CPU.Build.0 = Release|Any CPU
		{B726473B-CD18-4ACA-B9E7-35F2329D13B9}.Debug|Any CPU.ActiveCfg = Debug|Any CPU
		{B726473B-CD18-4ACA-B9E7-35F2329D13B9}.Debug|Any CPU.Build.0 = Debug|Any CPU
		{B726473B-CD18-4ACA-B9E7-35F2329D13B9}.Release|Any CPU.ActiveCfg = Release|Any CPU
		{B726473B-CD18-4ACA-B9E7-35F2329D13B9}.Release|Any CPU.Build.0 = Release|Any CPU
		{5B1AA3D5-C0CE-45A8-8073-496309D13111}.Debug|Any CPU.ActiveCfg = Debug|Any CPU
		{5B1AA3D5-C0CE-45A8-8073-496309D13111}.Debug|Any CPU.Build.0 = Debug|Any CPU
		{5B1AA3D5-C0CE-45A8-8073-496309D13111}.Release|Any CPU.ActiveCfg = Release|Any CPU
		{5B1AA3D5-C0CE-45A8-8073-496309D13111}.Release|Any CPU.Build.0 = Release|Any CPU
		{D12C39F4-0109-4358-AF60-21216DB86683}.Debug|Any CPU.ActiveCfg = Debug|Any CPU
		{D12C39F4-0109-4358-AF60-21216DB86683}.Debug|Any CPU.Build.0 = Debug|Any CPU
		{D12C39F4-0109-4358-AF60-21216DB86683}.Release|Any CPU.ActiveCfg = Release|Any CPU
		{D12C39F4-0109-4358-AF60-21216DB86683}.Release|Any CPU.Build.0 = Release|Any CPU
	EndGlobalSection
	GlobalSection(SolutionProperties) = preSolution
		HideSolutionNode = FALSE
	EndGlobalSection
	GlobalSection(NestedProjects) = preSolution
		{1B048EEF-28FB-401F-A3D8-5BB4F927AD6A} = {75677B62-B667-46C9-BAA6-95D2DDAC6201}
		{3A2AE52E-54AA-4EC5-B232-03B706B1D2FA} = {75677B62-B667-46C9-BAA6-95D2DDAC6201}
		{27794664-4760-4C26-9976-BF79BC24BA8D} = {75677B62-B667-46C9-BAA6-95D2DDAC6201}
		{CE8F9988-A35E-4AF6-8FBA-B46C447956B1} = {75677B62-B667-46C9-BAA6-95D2DDAC6201}
		{ED8604F5-9165-4845-A4BB-E30661E3E3C8} = {75677B62-B667-46C9-BAA6-95D2DDAC6201}
		{C85F8DF1-D959-4EA2-B88A-EDEF56B04EDE} = {75677B62-B667-46C9-BAA6-95D2DDAC6201}
		{F6D8B97C-24C5-4DE9-95A7-59C76A57C35B} = {75677B62-B667-46C9-BAA6-95D2DDAC6201}
		{B2F130BB-1191-4BB6-964B-3634F6C3A534} = {75677B62-B667-46C9-BAA6-95D2DDAC6201}
		{81002AC8-48EA-4726-9FD5-B5D011ACF43A} = {75677B62-B667-46C9-BAA6-95D2DDAC6201}
		{932A55FF-A3E1-478C-A78E-A0879B4553D4} = {75677B62-B667-46C9-BAA6-95D2DDAC6201}
		{9CEBA63D-C79A-4B00-9667-5E1EEDAD6F25} = {75677B62-B667-46C9-BAA6-95D2DDAC6201}
		{84A9CEEB-5BC9-4876-8F05-C06CA5E4BCC6} = {75677B62-B667-46C9-BAA6-95D2DDAC6201}
		{BA309C91-8823-4046-8764-DD806F2C6DE9} = {75677B62-B667-46C9-BAA6-95D2DDAC6201}
		{16B5210E-B9A6-4806-ADED-ED9E9ECCC2DE} = {75677B62-B667-46C9-BAA6-95D2DDAC6201}
		{3C5C1F0D-CD0D-4632-91C7-14E381532F89} = {75677B62-B667-46C9-BAA6-95D2DDAC6201}
		{B56E3A0E-4B74-477E-82F3-F943EDC55453} = {75677B62-B667-46C9-BAA6-95D2DDAC6201}
		{11267E83-D166-444D-A65B-D0263695928A} = {75677B62-B667-46C9-BAA6-95D2DDAC6201}
		{EF8AA0BC-2F9B-4030-8EBD-4CF83BCA9163} = {75677B62-B667-46C9-BAA6-95D2DDAC6201}
		{1493B586-8D97-40C0-8089-E323CAE1E713} = {75677B62-B667-46C9-BAA6-95D2DDAC6201}
		{A5A61DED-5ED8-4903-A916-D3B94DAF8774} = {75677B62-B667-46C9-BAA6-95D2DDAC6201}
		{19CE5565-5C85-468E-B7E1-0969A97F42E7} = {75677B62-B667-46C9-BAA6-95D2DDAC6201}
		{10E48BEB-FD37-4555-9E36-8F14BF8E6296} = {75677B62-B667-46C9-BAA6-95D2DDAC6201}
		{FA9AF4E9-DDE7-4370-9836-E9A423F09935} = {75677B62-B667-46C9-BAA6-95D2DDAC6201}
		{85799D85-DFA6-484D-BC33-803EEA153AC9} = {75677B62-B667-46C9-BAA6-95D2DDAC6201}
		{526B4AC2-24D4-4FB1-A835-AB54710C9362} = {75677B62-B667-46C9-BAA6-95D2DDAC6201}
		{52FF4262-D78E-4B80-B2CB-AA9B654C5DB8} = {75677B62-B667-46C9-BAA6-95D2DDAC6201}
		{C5408608-5C0D-4948-92C8-461E33E40382} = {75677B62-B667-46C9-BAA6-95D2DDAC6201}
		{A1224D32-510B-4902-8295-E4A43452B653} = {75677B62-B667-46C9-BAA6-95D2DDAC6201}
		{E812D1FC-EC59-4E84-8B6F-E85FD0E93058} = {75677B62-B667-46C9-BAA6-95D2DDAC6201}
		{6324DF45-AD19-46FB-B68F-5E63237BFD04} = {75677B62-B667-46C9-BAA6-95D2DDAC6201}
		{1F1DC2E0-F42B-4F05-AAD0-A34CABBA5329} = {75677B62-B667-46C9-BAA6-95D2DDAC6201}
		{E54A724A-BFA6-4C69-A82A-13D58CBEF155} = {75677B62-B667-46C9-BAA6-95D2DDAC6201}
		{5ED89212-4903-4BC8-AFF7-031BF42C0562} = {75677B62-B667-46C9-BAA6-95D2DDAC6201}
		{B76D4C71-8977-4282-9F9A-C5CF50B4DD31} = {75677B62-B667-46C9-BAA6-95D2DDAC6201}
		{CDA8203D-E890-4DE8-AE58-8638F751BFEA} = {75677B62-B667-46C9-BAA6-95D2DDAC6201}
		{7C35C58C-A407-4996-AA69-83941DBCA20B} = {75677B62-B667-46C9-BAA6-95D2DDAC6201}
		{AEAECEF8-083C-4C68-B71A-24911CE1093C} = {75677B62-B667-46C9-BAA6-95D2DDAC6201}
		{3777C82D-A2FD-46A5-9AC4-AE7EA5ABD456} = {75677B62-B667-46C9-BAA6-95D2DDAC6201}
		{9D54AA70-062B-4D56-8917-2E9DC5BF05B0} = {75677B62-B667-46C9-BAA6-95D2DDAC6201}
		{C3E4B95E-E43D-41CE-82A9-2AF5403FDA88} = {75677B62-B667-46C9-BAA6-95D2DDAC6201}
		{F8D090EF-EEC4-4BC4-B6D6-63CE29BF92A5} = {75677B62-B667-46C9-BAA6-95D2DDAC6201}
		{99FB7732-87BA-4B44-8E8E-4FCD192FE499} = {75677B62-B667-46C9-BAA6-95D2DDAC6201}
		{1A615E1B-719E-469F-AA11-6367D8C758C4} = {75677B62-B667-46C9-BAA6-95D2DDAC6201}
		{46793520-5F05-458C-8155-1520AA7B1FEB} = {75677B62-B667-46C9-BAA6-95D2DDAC6201}
		{2141E65A-DADD-452F-9457-B43C5F14D215} = {75677B62-B667-46C9-BAA6-95D2DDAC6201}
		{1E1106C5-1B0D-474D-9386-099FB7D38AF8} = {75677B62-B667-46C9-BAA6-95D2DDAC6201}
		{237FDDF7-1F06-4BFE-B289-78CCBE7A2165} = {75677B62-B667-46C9-BAA6-95D2DDAC6201}
		{574E0BA7-A8B9-4881-8CC8-03D184ABB3F8} = {75677B62-B667-46C9-BAA6-95D2DDAC6201}
		{22737AAA-179E-4D29-A0A6-08A4118F7875} = {75677B62-B667-46C9-BAA6-95D2DDAC6201}
		{3081656C-1257-4FAF-BEEB-AE9FE89276AA} = {75677B62-B667-46C9-BAA6-95D2DDAC6201}
		{564CC863-E37E-40F3-AC79-40FBE3A916BE} = {75677B62-B667-46C9-BAA6-95D2DDAC6201}
		{D57DF0E6-3637-4169-9DB4-78C576D31F81} = {75677B62-B667-46C9-BAA6-95D2DDAC6201}
		{2406B025-944E-4145-9856-DED2BF4880B4} = {75677B62-B667-46C9-BAA6-95D2DDAC6201}
		{F669C35C-5FB3-4909-BAFF-E19073A6545D} = {75677B62-B667-46C9-BAA6-95D2DDAC6201}
		{70E137AC-5568-4470-93B6-D2E5335A10A2} = {75677B62-B667-46C9-BAA6-95D2DDAC6201}
		{C08797FA-03B5-4BF2-8238-FE40903E9A92} = {75677B62-B667-46C9-BAA6-95D2DDAC6201}
		{B6C1E26E-5289-4964-9FC3-596F02045021} = {75677B62-B667-46C9-BAA6-95D2DDAC6201}
		{C63D5563-E693-4740-AFE8-C91B7D887461} = {75677B62-B667-46C9-BAA6-95D2DDAC6201}
		{1934A7F7-8638-4124-9693-DDF0086C6CC4} = {75677B62-B667-46C9-BAA6-95D2DDAC6201}
		{CFFCA897-9DFD-4AC2-B54F-64429D7DC7B6} = {75677B62-B667-46C9-BAA6-95D2DDAC6201}
		{36A58BBA-0D4C-4561-9AF7-E5770F6886D2} = {75677B62-B667-46C9-BAA6-95D2DDAC6201}
		{1D4EDBFD-BCFE-4E6D-85E7-C480F50FCBB6} = {75677B62-B667-46C9-BAA6-95D2DDAC6201}
		{08D2D906-BD83-4577-8721-E3659DB21A75} = {75677B62-B667-46C9-BAA6-95D2DDAC6201}
		{F68B4537-3F88-42AD-AA9E-D745EF88D52A} = {75677B62-B667-46C9-BAA6-95D2DDAC6201}
		{9E27C7C5-22BB-4215-AC8B-BC2FBB3AC3BC} = {75677B62-B667-46C9-BAA6-95D2DDAC6201}
		{BBB568E0-EDC4-4B8F-BC47-18B2A4BB0855} = {75677B62-B667-46C9-BAA6-95D2DDAC6201}
		{BC9856CC-7C4F-4022-BCB1-454AFF3BBB44} = {75677B62-B667-46C9-BAA6-95D2DDAC6201}
		{937C06EC-FA8A-4374-98CA-34C8632D9BDE} = {75677B62-B667-46C9-BAA6-95D2DDAC6201}
		{367D8861-F437-48B1-85F4-6D0F0DF950FC} = {75677B62-B667-46C9-BAA6-95D2DDAC6201}
		{73A1D7BC-63CF-471E-97FE-6552EFBB4855} = {75677B62-B667-46C9-BAA6-95D2DDAC6201}
		{8DB3B123-2365-4905-AE67-D350F5C4D24C} = {75677B62-B667-46C9-BAA6-95D2DDAC6201}
		{8CB2D481-54A1-429D-B89A-241000D2C20C} = {75677B62-B667-46C9-BAA6-95D2DDAC6201}
		{11CB187E-556B-403C-91AC-837D739D1654} = {75677B62-B667-46C9-BAA6-95D2DDAC6201}
		{3A0D7F89-2A46-4B30-86B9-D36F6D01437E} = {75677B62-B667-46C9-BAA6-95D2DDAC6201}
		{2AFAE337-F89C-4F12-9B24-C10C4D63CF0C} = {75677B62-B667-46C9-BAA6-95D2DDAC6201}
		{CAE7F03E-D2B9-44D0-8A35-D8F91D1788A9} = {75677B62-B667-46C9-BAA6-95D2DDAC6201}
		{53E0E15E-81AF-4682-8267-BB9399EC2BE9} = {75677B62-B667-46C9-BAA6-95D2DDAC6201}
		{B726473B-CD18-4ACA-B9E7-35F2329D13B9} = {75677B62-B667-46C9-BAA6-95D2DDAC6201}
		{5B1AA3D5-C0CE-45A8-8073-496309D13111} = {75677B62-B667-46C9-BAA6-95D2DDAC6201}
	EndGlobalSection
	GlobalSection(ExtensibilityGlobals) = postSolution
		SolutionGuid = {2E46D805-615E-4167-A940-C1828AAFA70D}
	EndGlobalSection
EndGlobal
